// !$*UTF8*$!
{
	archiveVersion = 1;
	classes = {
	};
	objectVersion = 55;
	objects = {

/* Begin PBXBuildFile section */
		2B0426F0284786C000CFA56C /* FavouritesService.swift in Sources */ = {isa = PBXBuildFile; fileRef = 2B0426EF284786C000CFA56C /* FavouritesService.swift */; };
		2B0426F628479FA400CFA56C /* FavouritesViewController.swift in Sources */ = {isa = PBXBuildFile; fileRef = 2B0426F528479FA400CFA56C /* FavouritesViewController.swift */; };
		2B0426F82848E70100CFA56C /* DetailTitleView.swift in Sources */ = {isa = PBXBuildFile; fileRef = 2B0426F72848E70100CFA56C /* DetailTitleView.swift */; };
		2B0426FA2849F8D500CFA56C /* FavouritesUpdateService.swift in Sources */ = {isa = PBXBuildFile; fileRef = 2B0426F92849F8D500CFA56C /* FavouritesUpdateService.swift */; };
		2B0426FC2849F9B700CFA56C /* FileManagerFavouritesService.swift in Sources */ = {isa = PBXBuildFile; fileRef = 2B0426FB2849F9B700CFA56C /* FileManagerFavouritesService.swift */; };
		2B0426FE2849F9E200CFA56C /* UserDefaultsFavouritesService.swift in Sources */ = {isa = PBXBuildFile; fileRef = 2B0426FD2849F9E200CFA56C /* UserDefaultsFavouritesService.swift */; };
		2B042700284A558E00CFA56C /* ChartsService.swift in Sources */ = {isa = PBXBuildFile; fileRef = 2B0426FF284A558E00CFA56C /* ChartsService.swift */; };
		2B93E2D7283BFE34002B326B /* AppDelegate.swift in Sources */ = {isa = PBXBuildFile; fileRef = 2B93E2D6283BFE34002B326B /* AppDelegate.swift */; };
		2B93E2DB283BFE34002B326B /* StocksViewController.swift in Sources */ = {isa = PBXBuildFile; fileRef = 2B93E2DA283BFE34002B326B /* StocksViewController.swift */; };
		2B93E2E0283BFE3A002B326B /* Assets.xcassets in Resources */ = {isa = PBXBuildFile; fileRef = 2B93E2DF283BFE3A002B326B /* Assets.xcassets */; };
		2B93E2E3283BFE3A002B326B /* LaunchScreen.storyboard in Resources */ = {isa = PBXBuildFile; fileRef = 2B93E2E1283BFE3A002B326B /* LaunchScreen.storyboard */; };
		2B93E2EF283D1A18002B326B /* StockCell.swift in Sources */ = {isa = PBXBuildFile; fileRef = 2B93E2EE283D1A18002B326B /* StockCell.swift */; };
		2BCF45AD283F6A3A00D520C3 /* Router.swift in Sources */ = {isa = PBXBuildFile; fileRef = 2BCF45AC283F6A3A00D520C3 /* Router.swift */; };
		2BCF45AF283F6E0B00D520C3 /* NetworkError.swift in Sources */ = {isa = PBXBuildFile; fileRef = 2BCF45AE283F6E0B00D520C3 /* NetworkError.swift */; };
		2BCF45B1283F6E2D00D520C3 /* NetworkService.swift in Sources */ = {isa = PBXBuildFile; fileRef = 2BCF45B0283F6E2D00D520C3 /* NetworkService.swift */; };
		2BCF45B3283F6E5000D520C3 /* HttpMethod.swift in Sources */ = {isa = PBXBuildFile; fileRef = 2BCF45B2283F6E5000D520C3 /* HttpMethod.swift */; };
		2BCF45B6283F813300D520C3 /* StocksService.swift in Sources */ = {isa = PBXBuildFile; fileRef = 2BCF45B5283F813300D520C3 /* StocksService.swift */; };
		2BCF45BC283FB08600D520C3 /* DetailsViewController.swift in Sources */ = {isa = PBXBuildFile; fileRef = 2BCF45BB283FB08600D520C3 /* DetailsViewController.swift */; };
		2BCF45C62840CFEC00D520C3 /* UIKit+Extension.swift in Sources */ = {isa = PBXBuildFile; fileRef = 2BCF45C52840CFEC00D520C3 /* UIKit+Extension.swift */; };
		2BCF45C82840D07D00D520C3 /* Number+Extension.swift in Sources */ = {isa = PBXBuildFile; fileRef = 2BCF45C72840D07D00D520C3 /* Number+Extension.swift */; };
		2BDE228A2843CCA0003C38C4 /* StocksPresenter.swift in Sources */ = {isa = PBXBuildFile; fileRef = 2BDE22892843CCA0003C38C4 /* StocksPresenter.swift */; };
		2BDE228D2843D8C4003C38C4 /* NSObject+Extension.swift in Sources */ = {isa = PBXBuildFile; fileRef = 2BDE228C2843D8C4003C38C4 /* NSObject+Extension.swift */; };
		2BDE228F2843D92D003C38C4 /* StocksRouter.swift in Sources */ = {isa = PBXBuildFile; fileRef = 2BDE228E2843D92D003C38C4 /* StocksRouter.swift */; };
		2BDE22912843D9CC003C38C4 /* StockModel.swift in Sources */ = {isa = PBXBuildFile; fileRef = 2BDE22902843D9CC003C38C4 /* StockModel.swift */; };
		2BDE22932843DA16003C38C4 /* StockResponse.swift in Sources */ = {isa = PBXBuildFile; fileRef = 2BDE22922843DA16003C38C4 /* StockResponse.swift */; };
		2BDE22952843E15A003C38C4 /* Assembly.swift in Sources */ = {isa = PBXBuildFile; fileRef = 2BDE22942843E15A003C38C4 /* Assembly.swift */; };
		2BDE229C2844D48A003C38C4 /* ChartsResponse.swift in Sources */ = {isa = PBXBuildFile; fileRef = 2BDE229B2844D48A003C38C4 /* ChartsResponse.swift */; };
		2BDE22A22844D4EE003C38C4 /* StocksDetailPresenter.swift in Sources */ = {isa = PBXBuildFile; fileRef = 2BDE22A12844D4EE003C38C4 /* StocksDetailPresenter.swift */; };
/* End PBXBuildFile section */

/* Begin PBXFileReference section */
		2B0426EF284786C000CFA56C /* FavouritesService.swift */ = {isa = PBXFileReference; lastKnownFileType = sourcecode.swift; path = FavouritesService.swift; sourceTree = "<group>"; };
		2B0426F528479FA400CFA56C /* FavouritesViewController.swift */ = {isa = PBXFileReference; lastKnownFileType = sourcecode.swift; path = FavouritesViewController.swift; sourceTree = "<group>"; };
		2B0426F72848E70100CFA56C /* DetailTitleView.swift */ = {isa = PBXFileReference; lastKnownFileType = sourcecode.swift; path = DetailTitleView.swift; sourceTree = "<group>"; };
		2B0426F92849F8D500CFA56C /* FavouritesUpdateService.swift */ = {isa = PBXFileReference; lastKnownFileType = sourcecode.swift; path = FavouritesUpdateService.swift; sourceTree = "<group>"; };
		2B0426FB2849F9B700CFA56C /* FileManagerFavouritesService.swift */ = {isa = PBXFileReference; lastKnownFileType = sourcecode.swift; path = FileManagerFavouritesService.swift; sourceTree = "<group>"; };
		2B0426FD2849F9E200CFA56C /* UserDefaultsFavouritesService.swift */ = {isa = PBXFileReference; lastKnownFileType = sourcecode.swift; path = UserDefaultsFavouritesService.swift; sourceTree = "<group>"; };
		2B0426FF284A558E00CFA56C /* ChartsService.swift */ = {isa = PBXFileReference; lastKnownFileType = sourcecode.swift; path = ChartsService.swift; sourceTree = "<group>"; };
		2B93E2D3283BFE34002B326B /* Stocks.app */ = {isa = PBXFileReference; explicitFileType = wrapper.application; includeInIndex = 0; path = Stocks.app; sourceTree = BUILT_PRODUCTS_DIR; };
		2B93E2D6283BFE34002B326B /* AppDelegate.swift */ = {isa = PBXFileReference; lastKnownFileType = sourcecode.swift; path = AppDelegate.swift; sourceTree = "<group>"; };
		2B93E2DA283BFE34002B326B /* StocksViewController.swift */ = {isa = PBXFileReference; lastKnownFileType = sourcecode.swift; path = StocksViewController.swift; sourceTree = "<group>"; };
		2B93E2DF283BFE3A002B326B /* Assets.xcassets */ = {isa = PBXFileReference; lastKnownFileType = folder.assetcatalog; path = Assets.xcassets; sourceTree = "<group>"; };
		2B93E2E2283BFE3A002B326B /* Base */ = {isa = PBXFileReference; lastKnownFileType = file.storyboard; name = Base; path = Base.lproj/LaunchScreen.storyboard; sourceTree = "<group>"; };
		2B93E2E4283BFE3A002B326B /* Info.plist */ = {isa = PBXFileReference; lastKnownFileType = text.plist.xml; path = Info.plist; sourceTree = "<group>"; };
		2B93E2EE283D1A18002B326B /* StockCell.swift */ = {isa = PBXFileReference; lastKnownFileType = sourcecode.swift; path = StockCell.swift; sourceTree = "<group>"; };
		2BCF45AC283F6A3A00D520C3 /* Router.swift */ = {isa = PBXFileReference; lastKnownFileType = sourcecode.swift; path = Router.swift; sourceTree = "<group>"; };
		2BCF45AE283F6E0B00D520C3 /* NetworkError.swift */ = {isa = PBXFileReference; lastKnownFileType = sourcecode.swift; path = NetworkError.swift; sourceTree = "<group>"; };
		2BCF45B0283F6E2D00D520C3 /* NetworkService.swift */ = {isa = PBXFileReference; lastKnownFileType = sourcecode.swift; path = NetworkService.swift; sourceTree = "<group>"; };
		2BCF45B2283F6E5000D520C3 /* HttpMethod.swift */ = {isa = PBXFileReference; lastKnownFileType = sourcecode.swift; path = HttpMethod.swift; sourceTree = "<group>"; };
		2BCF45B5283F813300D520C3 /* StocksService.swift */ = {isa = PBXFileReference; lastKnownFileType = sourcecode.swift; path = StocksService.swift; sourceTree = "<group>"; };
		2BCF45BB283FB08600D520C3 /* DetailsViewController.swift */ = {isa = PBXFileReference; lastKnownFileType = sourcecode.swift; path = DetailsViewController.swift; sourceTree = "<group>"; };
		2BCF45C52840CFEC00D520C3 /* UIKit+Extension.swift */ = {isa = PBXFileReference; lastKnownFileType = sourcecode.swift; path = "UIKit+Extension.swift"; sourceTree = "<group>"; };
		2BCF45C72840D07D00D520C3 /* Number+Extension.swift */ = {isa = PBXFileReference; lastKnownFileType = sourcecode.swift; path = "Number+Extension.swift"; sourceTree = "<group>"; };
		2BDE22892843CCA0003C38C4 /* StocksPresenter.swift */ = {isa = PBXFileReference; lastKnownFileType = sourcecode.swift; path = StocksPresenter.swift; sourceTree = "<group>"; };
		2BDE228C2843D8C4003C38C4 /* NSObject+Extension.swift */ = {isa = PBXFileReference; lastKnownFileType = sourcecode.swift; path = "NSObject+Extension.swift"; sourceTree = "<group>"; };
		2BDE228E2843D92D003C38C4 /* StocksRouter.swift */ = {isa = PBXFileReference; lastKnownFileType = sourcecode.swift; path = StocksRouter.swift; sourceTree = "<group>"; };
		2BDE22902843D9CC003C38C4 /* StockModel.swift */ = {isa = PBXFileReference; lastKnownFileType = sourcecode.swift; path = StockModel.swift; sourceTree = "<group>"; };
		2BDE22922843DA16003C38C4 /* StockResponse.swift */ = {isa = PBXFileReference; lastKnownFileType = sourcecode.swift; path = StockResponse.swift; sourceTree = "<group>"; };
		2BDE22942843E15A003C38C4 /* Assembly.swift */ = {isa = PBXFileReference; lastKnownFileType = sourcecode.swift; path = Assembly.swift; sourceTree = "<group>"; };
		2BDE229B2844D48A003C38C4 /* ChartsResponse.swift */ = {isa = PBXFileReference; lastKnownFileType = sourcecode.swift; path = ChartsResponse.swift; sourceTree = "<group>"; };
		2BDE22A12844D4EE003C38C4 /* StocksDetailPresenter.swift */ = {isa = PBXFileReference; lastKnownFileType = sourcecode.swift; path = StocksDetailPresenter.swift; sourceTree = "<group>"; };
/* End PBXFileReference section */

/* Begin PBXFrameworksBuildPhase section */
		2B93E2D0283BFE34002B326B /* Frameworks */ = {
			isa = PBXFrameworksBuildPhase;
			buildActionMask = 2147483647;
			files = (
			);
			runOnlyForDeploymentPostprocessing = 0;
		};
/* End PBXFrameworksBuildPhase section */

/* Begin PBXGroup section */
		2B0426EE2847868B00CFA56C /* FavouritesService */ = {
			isa = PBXGroup;
			children = (
				2B0426F92849F8D500CFA56C /* FavouritesUpdateService.swift */,
				2B0426EF284786C000CFA56C /* FavouritesService.swift */,
				2B0426FB2849F9B700CFA56C /* FileManagerFavouritesService.swift */,
				2B0426FD2849F9E200CFA56C /* UserDefaultsFavouritesService.swift */,
			);
			path = FavouritesService;
			sourceTree = "<group>";
		};
		2B0426F128479F6000CFA56C /* FavouritesScreen */ = {
			isa = PBXGroup;
			children = (
				2B0426F428479F8A00CFA56C /* Presenter */,
				2B0426F328479F7C00CFA56C /* Model */,
				2B0426F228479F7700CFA56C /* View */,
			);
			path = FavouritesScreen;
			sourceTree = "<group>";
		};
		2B0426F228479F7700CFA56C /* View */ = {
			isa = PBXGroup;
			children = (
				2B0426F528479FA400CFA56C /* FavouritesViewController.swift */,
			);
			path = View;
			sourceTree = "<group>";
		};
		2B0426F328479F7C00CFA56C /* Model */ = {
			isa = PBXGroup;
			children = (
			);
			path = Model;
			sourceTree = "<group>";
		};
		2B0426F428479F8A00CFA56C /* Presenter */ = {
			isa = PBXGroup;
			children = (
			);
			path = Presenter;
			sourceTree = "<group>";
		};
		2B93E2CA283BFE34002B326B = {
			isa = PBXGroup;
			children = (
				2B93E2D5283BFE34002B326B /* Stocks */,
				2B93E2D4283BFE34002B326B /* Products */,
			);
			sourceTree = "<group>";
		};
		2B93E2D4283BFE34002B326B /* Products */ = {
			isa = PBXGroup;
			children = (
				2B93E2D3283BFE34002B326B /* Stocks.app */,
			);
			name = Products;
			sourceTree = "<group>";
		};
		2B93E2D5283BFE34002B326B /* Stocks */ = {
			isa = PBXGroup;
			children = (
				2BDE228B2843D8A2003C38C4 /* Core */,
				2BCF45A4283F665D00D520C3 /* Screens */,
				2B93E2EB283C0766002B326B /* Application */,
				2B93E2EA283C075A002B326B /* Resources */,
			);
			path = Stocks;
			sourceTree = "<group>";
		};
		2B93E2EA283C075A002B326B /* Resources */ = {
			isa = PBXGroup;
			children = (
				2B93E2DF283BFE3A002B326B /* Assets.xcassets */,
			);
			path = Resources;
			sourceTree = "<group>";
		};
		2B93E2EB283C0766002B326B /* Application */ = {
			isa = PBXGroup;
			children = (
				2B93E2D6283BFE34002B326B /* AppDelegate.swift */,
				2B93E2E4283BFE3A002B326B /* Info.plist */,
				2B93E2E1283BFE3A002B326B /* LaunchScreen.storyboard */,
			);
			path = Application;
			sourceTree = "<group>";
		};
		2BCF45A4283F665D00D520C3 /* Screens */ = {
			isa = PBXGroup;
			children = (
				2BCF45A5283F666C00D520C3 /* StocksListScreen */,
				2BCF45BD283FBDDA00D520C3 /* StockDetailsScreen */,
				2B0426F128479F6000CFA56C /* FavouritesScreen */,
			);
			path = Screens;
			sourceTree = "<group>";
		};
		2BCF45A5283F666C00D520C3 /* StocksListScreen */ = {
			isa = PBXGroup;
			children = (
				2BCF45A6283F667B00D520C3 /* Model */,
				2BCF45A7283F668100D520C3 /* View */,
				2BCF45A8283F668700D520C3 /* Presenter */,
				2BCF45B4283F811700D520C3 /* Service */,
			);
			path = StocksListScreen;
			sourceTree = "<group>";
		};
		2BCF45A6283F667B00D520C3 /* Model */ = {
			isa = PBXGroup;
			children = (
				2BDE22902843D9CC003C38C4 /* StockModel.swift */,
			);
			path = Model;
			sourceTree = "<group>";
		};
		2BCF45A7283F668100D520C3 /* View */ = {
			isa = PBXGroup;
			children = (
				2B93E2DA283BFE34002B326B /* StocksViewController.swift */,
				2BCF45A9283F66B900D520C3 /* Cell */,
			);
			path = View;
			sourceTree = "<group>";
		};
		2BCF45A8283F668700D520C3 /* Presenter */ = {
			isa = PBXGroup;
			children = (
				2BDE22892843CCA0003C38C4 /* StocksPresenter.swift */,
			);
			path = Presenter;
			sourceTree = "<group>";
		};
		2BCF45A9283F66B900D520C3 /* Cell */ = {
			isa = PBXGroup;
			children = (
				2B93E2EE283D1A18002B326B /* StockCell.swift */,
			);
			path = Cell;
			sourceTree = "<group>";
		};
		2BCF45AA283F66E500D520C3 /* Services */ = {
			isa = PBXGroup;
			children = (
				2B0426EE2847868B00CFA56C /* FavouritesService */,
				2BCF45AB283F66EE00D520C3 /* NetworkService */,
			);
			path = Services;
			sourceTree = "<group>";
		};
		2BCF45AB283F66EE00D520C3 /* NetworkService */ = {
			isa = PBXGroup;
			children = (
				2BCF45B2283F6E5000D520C3 /* HttpMethod.swift */,
				2BCF45AE283F6E0B00D520C3 /* NetworkError.swift */,
				2BCF45B0283F6E2D00D520C3 /* NetworkService.swift */,
				2BCF45AC283F6A3A00D520C3 /* Router.swift */,
			);
			path = NetworkService;
			sourceTree = "<group>";
		};
		2BCF45B4283F811700D520C3 /* Service */ = {
			isa = PBXGroup;
			children = (
				2BDE228E2843D92D003C38C4 /* StocksRouter.swift */,
				2BCF45B5283F813300D520C3 /* StocksService.swift */,
				2BDE22922843DA16003C38C4 /* StockResponse.swift */,
			);
			path = Service;
			sourceTree = "<group>";
		};
		2BCF45BD283FBDDA00D520C3 /* StockDetailsScreen */ = {
			isa = PBXGroup;
			children = (
				2BCF45BF283FBE3200D520C3 /* View */,
				2BDE22962844BDA0003C38C4 /* Presenter */,
				2BDE22982844BDFC003C38C4 /* Service */,
			);
			path = StockDetailsScreen;
			sourceTree = "<group>";
		};
		2BCF45BF283FBE3200D520C3 /* View */ = {
			isa = PBXGroup;
			children = (
				2BCF45BB283FB08600D520C3 /* DetailsViewController.swift */,
				2B0426F72848E70100CFA56C /* DetailTitleView.swift */,
			);
			path = View;
			sourceTree = "<group>";
		};
		2BCF45C42840C24600D520C3 /* Extensions */ = {
			isa = PBXGroup;
			children = (
				2BCF45C52840CFEC00D520C3 /* UIKit+Extension.swift */,
				2BCF45C72840D07D00D520C3 /* Number+Extension.swift */,
				2BDE228C2843D8C4003C38C4 /* NSObject+Extension.swift */,
			);
			path = Extensions;
			sourceTree = "<group>";
		};
		2BDE228B2843D8A2003C38C4 /* Core */ = {
			isa = PBXGroup;
			children = (
				2BCF45C42840C24600D520C3 /* Extensions */,
				2BCF45AA283F66E500D520C3 /* Services */,
				2BDE22942843E15A003C38C4 /* Assembly.swift */,
			);
			path = Core;
			sourceTree = "<group>";
		};
		2BDE22962844BDA0003C38C4 /* Presenter */ = {
			isa = PBXGroup;
			children = (
				2BDE22A12844D4EE003C38C4 /* StocksDetailPresenter.swift */,
			);
			path = Presenter;
			sourceTree = "<group>";
		};
		2BDE22982844BDFC003C38C4 /* Service */ = {
			isa = PBXGroup;
			children = (
				2BDE229B2844D48A003C38C4 /* ChartsResponse.swift */,
				2B0426FF284A558E00CFA56C /* ChartsService.swift */,
			);
			path = Service;
			sourceTree = "<group>";
		};
/* End PBXGroup section */

/* Begin PBXNativeTarget section */
		2B93E2D2283BFE34002B326B /* Stocks */ = {
			isa = PBXNativeTarget;
			buildConfigurationList = 2B93E2E7283BFE3A002B326B /* Build configuration list for PBXNativeTarget "Stocks" */;
			buildPhases = (
				2B93E2CF283BFE34002B326B /* Sources */,
				2B93E2D0283BFE34002B326B /* Frameworks */,
				2B93E2D1283BFE34002B326B /* Resources */,
			);
			buildRules = (
			);
			dependencies = (
			);
			name = Stocks;
			productName = Stocks;
			productReference = 2B93E2D3283BFE34002B326B /* Stocks.app */;
			productType = "com.apple.product-type.application";
		};
/* End PBXNativeTarget section */

/* Begin PBXProject section */
		2B93E2CB283BFE34002B326B /* Project object */ = {
			isa = PBXProject;
			attributes = {
				BuildIndependentTargetsInParallel = 1;
				LastSwiftUpdateCheck = 1330;
				LastUpgradeCheck = 1330;
				TargetAttributes = {
					2B93E2D2283BFE34002B326B = {
						CreatedOnToolsVersion = 13.3.1;
					};
				};
			};
			buildConfigurationList = 2B93E2CE283BFE34002B326B /* Build configuration list for PBXProject "Stocks" */;
			compatibilityVersion = "Xcode 13.0";
			developmentRegion = en;
			hasScannedForEncodings = 0;
			knownRegions = (
				en,
				Base,
			);
			mainGroup = 2B93E2CA283BFE34002B326B;
			productRefGroup = 2B93E2D4283BFE34002B326B /* Products */;
			projectDirPath = "";
			projectRoot = "";
			targets = (
				2B93E2D2283BFE34002B326B /* Stocks */,
			);
		};
/* End PBXProject section */

/* Begin PBXResourcesBuildPhase section */
		2B93E2D1283BFE34002B326B /* Resources */ = {
			isa = PBXResourcesBuildPhase;
			buildActionMask = 2147483647;
			files = (
				2B93E2E3283BFE3A002B326B /* LaunchScreen.storyboard in Resources */,
				2B93E2E0283BFE3A002B326B /* Assets.xcassets in Resources */,
			);
			runOnlyForDeploymentPostprocessing = 0;
		};
/* End PBXResourcesBuildPhase section */

/* Begin PBXSourcesBuildPhase section */
		2B93E2CF283BFE34002B326B /* Sources */ = {
			isa = PBXSourcesBuildPhase;
			buildActionMask = 2147483647;
			files = (
				2B0426F628479FA400CFA56C /* FavouritesViewController.swift in Sources */,
				2BDE228A2843CCA0003C38C4 /* StocksPresenter.swift in Sources */,
				2BCF45AD283F6A3A00D520C3 /* Router.swift in Sources */,
				2BDE22912843D9CC003C38C4 /* StockModel.swift in Sources */,
				2B93E2DB283BFE34002B326B /* StocksViewController.swift in Sources */,
				2BDE228D2843D8C4003C38C4 /* NSObject+Extension.swift in Sources */,
				2BCF45B3283F6E5000D520C3 /* HttpMethod.swift in Sources */,
				2BCF45C82840D07D00D520C3 /* Number+Extension.swift in Sources */,
				2B93E2D7283BFE34002B326B /* AppDelegate.swift in Sources */,
				2BDE22A22844D4EE003C38C4 /* StocksDetailPresenter.swift in Sources */,
				2B93E2EF283D1A18002B326B /* StockCell.swift in Sources */,
				2BDE22952843E15A003C38C4 /* Assembly.swift in Sources */,
				2BCF45B1283F6E2D00D520C3 /* NetworkService.swift in Sources */,
				2B0426FC2849F9B700CFA56C /* FileManagerFavouritesService.swift in Sources */,
				2BDE229C2844D48A003C38C4 /* ChartsResponse.swift in Sources */,
				2BCF45B6283F813300D520C3 /* StocksService.swift in Sources */,
				2BCF45AF283F6E0B00D520C3 /* NetworkError.swift in Sources */,
				2B0426FE2849F9E200CFA56C /* UserDefaultsFavouritesService.swift in Sources */,
				2B0426F82848E70100CFA56C /* DetailTitleView.swift in Sources */,
				2BCF45C62840CFEC00D520C3 /* UIKit+Extension.swift in Sources */,
				2B042700284A558E00CFA56C /* ChartsService.swift in Sources */,
				2B0426F0284786C000CFA56C /* FavouritesService.swift in Sources */,
				2BDE228F2843D92D003C38C4 /* StocksRouter.swift in Sources */,
				2BDE22932843DA16003C38C4 /* StockResponse.swift in Sources */,
				2B0426FA2849F8D500CFA56C /* FavouritesUpdateService.swift in Sources */,
				2BCF45BC283FB08600D520C3 /* DetailsViewController.swift in Sources */,
			);
			runOnlyForDeploymentPostprocessing = 0;
		};
/* End PBXSourcesBuildPhase section */

/* Begin PBXVariantGroup section */
		2B93E2E1283BFE3A002B326B /* LaunchScreen.storyboard */ = {
			isa = PBXVariantGroup;
			children = (
				2B93E2E2283BFE3A002B326B /* Base */,
			);
			name = LaunchScreen.storyboard;
			sourceTree = "<group>";
		};
/* End PBXVariantGroup section */

/* Begin XCBuildConfiguration section */
		2B93E2E5283BFE3A002B326B /* Debug */ = {
			isa = XCBuildConfiguration;
			buildSettings = {
				ALWAYS_SEARCH_USER_PATHS = NO;
				CLANG_ANALYZER_NONNULL = YES;
				CLANG_ANALYZER_NUMBER_OBJECT_CONVERSION = YES_AGGRESSIVE;
				CLANG_CXX_LANGUAGE_STANDARD = "gnu++17";
				CLANG_ENABLE_MODULES = YES;
				CLANG_ENABLE_OBJC_ARC = YES;
				CLANG_ENABLE_OBJC_WEAK = YES;
				CLANG_WARN_BLOCK_CAPTURE_AUTORELEASING = YES;
				CLANG_WARN_BOOL_CONVERSION = YES;
				CLANG_WARN_COMMA = YES;
				CLANG_WARN_CONSTANT_CONVERSION = YES;
				CLANG_WARN_DEPRECATED_OBJC_IMPLEMENTATIONS = YES;
				CLANG_WARN_DIRECT_OBJC_ISA_USAGE = YES_ERROR;
				CLANG_WARN_DOCUMENTATION_COMMENTS = YES;
				CLANG_WARN_EMPTY_BODY = YES;
				CLANG_WARN_ENUM_CONVERSION = YES;
				CLANG_WARN_INFINITE_RECURSION = YES;
				CLANG_WARN_INT_CONVERSION = YES;
				CLANG_WARN_NON_LITERAL_NULL_CONVERSION = YES;
				CLANG_WARN_OBJC_IMPLICIT_RETAIN_SELF = YES;
				CLANG_WARN_OBJC_LITERAL_CONVERSION = YES;
				CLANG_WARN_OBJC_ROOT_CLASS = YES_ERROR;
				CLANG_WARN_QUOTED_INCLUDE_IN_FRAMEWORK_HEADER = YES;
				CLANG_WARN_RANGE_LOOP_ANALYSIS = YES;
				CLANG_WARN_STRICT_PROTOTYPES = YES;
				CLANG_WARN_SUSPICIOUS_MOVE = YES;
				CLANG_WARN_UNGUARDED_AVAILABILITY = YES_AGGRESSIVE;
				CLANG_WARN_UNREACHABLE_CODE = YES;
				CLANG_WARN__DUPLICATE_METHOD_MATCH = YES;
				COPY_PHASE_STRIP = NO;
				DEBUG_INFORMATION_FORMAT = dwarf;
				ENABLE_STRICT_OBJC_MSGSEND = YES;
				ENABLE_TESTABILITY = YES;
				GCC_C_LANGUAGE_STANDARD = gnu11;
				GCC_DYNAMIC_NO_PIC = NO;
				GCC_NO_COMMON_BLOCKS = YES;
				GCC_OPTIMIZATION_LEVEL = 0;
				GCC_PREPROCESSOR_DEFINITIONS = (
					"DEBUG=1",
					"$(inherited)",
				);
				GCC_WARN_64_TO_32_BIT_CONVERSION = YES;
				GCC_WARN_ABOUT_RETURN_TYPE = YES_ERROR;
				GCC_WARN_UNDECLARED_SELECTOR = YES;
				GCC_WARN_UNINITIALIZED_AUTOS = YES_AGGRESSIVE;
				GCC_WARN_UNUSED_FUNCTION = YES;
				GCC_WARN_UNUSED_VARIABLE = YES;
				IPHONEOS_DEPLOYMENT_TARGET = 15.4;
				MTL_ENABLE_DEBUG_INFO = INCLUDE_SOURCE;
				MTL_FAST_MATH = YES;
				ONLY_ACTIVE_ARCH = YES;
				SDKROOT = iphoneos;
				SWIFT_ACTIVE_COMPILATION_CONDITIONS = DEBUG;
				SWIFT_OPTIMIZATION_LEVEL = "-Onone";
			};
			name = Debug;
		};
		2B93E2E6283BFE3A002B326B /* Release */ = {
			isa = XCBuildConfiguration;
			buildSettings = {
				ALWAYS_SEARCH_USER_PATHS = NO;
				CLANG_ANALYZER_NONNULL = YES;
				CLANG_ANALYZER_NUMBER_OBJECT_CONVERSION = YES_AGGRESSIVE;
				CLANG_CXX_LANGUAGE_STANDARD = "gnu++17";
				CLANG_ENABLE_MODULES = YES;
				CLANG_ENABLE_OBJC_ARC = YES;
				CLANG_ENABLE_OBJC_WEAK = YES;
				CLANG_WARN_BLOCK_CAPTURE_AUTORELEASING = YES;
				CLANG_WARN_BOOL_CONVERSION = YES;
				CLANG_WARN_COMMA = YES;
				CLANG_WARN_CONSTANT_CONVERSION = YES;
				CLANG_WARN_DEPRECATED_OBJC_IMPLEMENTATIONS = YES;
				CLANG_WARN_DIRECT_OBJC_ISA_USAGE = YES_ERROR;
				CLANG_WARN_DOCUMENTATION_COMMENTS = YES;
				CLANG_WARN_EMPTY_BODY = YES;
				CLANG_WARN_ENUM_CONVERSION = YES;
				CLANG_WARN_INFINITE_RECURSION = YES;
				CLANG_WARN_INT_CONVERSION = YES;
				CLANG_WARN_NON_LITERAL_NULL_CONVERSION = YES;
				CLANG_WARN_OBJC_IMPLICIT_RETAIN_SELF = YES;
				CLANG_WARN_OBJC_LITERAL_CONVERSION = YES;
				CLANG_WARN_OBJC_ROOT_CLASS = YES_ERROR;
				CLANG_WARN_QUOTED_INCLUDE_IN_FRAMEWORK_HEADER = YES;
				CLANG_WARN_RANGE_LOOP_ANALYSIS = YES;
				CLANG_WARN_STRICT_PROTOTYPES = YES;
				CLANG_WARN_SUSPICIOUS_MOVE = YES;
				CLANG_WARN_UNGUARDED_AVAILABILITY = YES_AGGRESSIVE;
				CLANG_WARN_UNREACHABLE_CODE = YES;
				CLANG_WARN__DUPLICATE_METHOD_MATCH = YES;
				COPY_PHASE_STRIP = NO;
				DEBUG_INFORMATION_FORMAT = "dwarf-with-dsym";
				ENABLE_NS_ASSERTIONS = NO;
				ENABLE_STRICT_OBJC_MSGSEND = YES;
				GCC_C_LANGUAGE_STANDARD = gnu11;
				GCC_NO_COMMON_BLOCKS = YES;
				GCC_WARN_64_TO_32_BIT_CONVERSION = YES;
				GCC_WARN_ABOUT_RETURN_TYPE = YES_ERROR;
				GCC_WARN_UNDECLARED_SELECTOR = YES;
				GCC_WARN_UNINITIALIZED_AUTOS = YES_AGGRESSIVE;
				GCC_WARN_UNUSED_FUNCTION = YES;
				GCC_WARN_UNUSED_VARIABLE = YES;
				IPHONEOS_DEPLOYMENT_TARGET = 15.4;
				MTL_ENABLE_DEBUG_INFO = NO;
				MTL_FAST_MATH = YES;
				SDKROOT = iphoneos;
				SWIFT_COMPILATION_MODE = wholemodule;
				SWIFT_OPTIMIZATION_LEVEL = "-O";
				VALIDATE_PRODUCT = YES;
			};
			name = Release;
		};
		2B93E2E8283BFE3A002B326B /* Debug */ = {
			isa = XCBuildConfiguration;
			buildSettings = {
				ASSETCATALOG_COMPILER_APPICON_NAME = AppIcon;
				ASSETCATALOG_COMPILER_GLOBAL_ACCENT_COLOR_NAME = AccentColor;
				CODE_SIGN_STYLE = Automatic;
				CURRENT_PROJECT_VERSION = 1;
				GENERATE_INFOPLIST_FILE = YES;
				INFOPLIST_FILE = Stocks/Application/Info.plist;
				INFOPLIST_KEY_UIApplicationSupportsIndirectInputEvents = YES;
				INFOPLIST_KEY_UILaunchStoryboardName = LaunchScreen;
				INFOPLIST_KEY_UISupportedInterfaceOrientations_iPad = "UIInterfaceOrientationPortrait UIInterfaceOrientationPortraitUpsideDown UIInterfaceOrientationLandscapeLeft UIInterfaceOrientationLandscapeRight";
				INFOPLIST_KEY_UISupportedInterfaceOrientations_iPhone = "UIInterfaceOrientationPortrait UIInterfaceOrientationLandscapeLeft UIInterfaceOrientationLandscapeRight";
				LD_RUNPATH_SEARCH_PATHS = (
					"$(inherited)",
					"@executable_path/Frameworks",
				);
				MARKETING_VERSION = 1.0;
				PRODUCT_BUNDLE_IDENTIFIER = kbtu.Stocks;
				PRODUCT_NAME = "$(TARGET_NAME)";
				SWIFT_EMIT_LOC_STRINGS = YES;
				SWIFT_VERSION = 5.0;
				TARGETED_DEVICE_FAMILY = 1;
			};
			name = Debug;
		};
		2B93E2E9283BFE3A002B326B /* Release */ = {
			isa = XCBuildConfiguration;
			buildSettings = {
				ASSETCATALOG_COMPILER_APPICON_NAME = AppIcon;
				ASSETCATALOG_COMPILER_GLOBAL_ACCENT_COLOR_NAME = AccentColor;
				CODE_SIGN_STYLE = Automatic;
				CURRENT_PROJECT_VERSION = 1;
				GENERATE_INFOPLIST_FILE = YES;
				INFOPLIST_FILE = Stocks/Application/Info.plist;
				INFOPLIST_KEY_UIApplicationSupportsIndirectInputEvents = YES;
				INFOPLIST_KEY_UILaunchStoryboardName = LaunchScreen;
				INFOPLIST_KEY_UISupportedInterfaceOrientations_iPad = "UIInterfaceOrientationPortrait UIInterfaceOrientationPortraitUpsideDown UIInterfaceOrientationLandscapeLeft UIInterfaceOrientationLandscapeRight";
				INFOPLIST_KEY_UISupportedInterfaceOrientations_iPhone = "UIInterfaceOrientationPortrait UIInterfaceOrientationLandscapeLeft UIInterfaceOrientationLandscapeRight";
				LD_RUNPATH_SEARCH_PATHS = (
					"$(inherited)",
					"@executable_path/Frameworks",
				);
				MARKETING_VERSION = 1.0;
				PRODUCT_BUNDLE_IDENTIFIER = kbtu.Stocks;
				PRODUCT_NAME = "$(TARGET_NAME)";
				SWIFT_EMIT_LOC_STRINGS = YES;
				SWIFT_VERSION = 5.0;
				TARGETED_DEVICE_FAMILY = 1;
			};
			name = Release;
		};
/* End XCBuildConfiguration section */

/* Begin XCConfigurationList section */
		2B93E2CE283BFE34002B326B /* Build configuration list for PBXProject "Stocks" */ = {
			isa = XCConfigurationList;
			buildConfigurations = (
				2B93E2E5283BFE3A002B326B /* Debug */,
				2B93E2E6283BFE3A002B326B /* Release */,
			);
			defaultConfigurationIsVisible = 0;
			defaultConfigurationName = Release;
		};
		2B93E2E7283BFE3A002B326B /* Build configuration list for PBXNativeTarget "Stocks" */ = {
			isa = XCConfigurationList;
			buildConfigurations = (
				2B93E2E8283BFE3A002B326B /* Debug */,
				2B93E2E9283BFE3A002B326B /* Release */,
			);
			defaultConfigurationIsVisible = 0;
			defaultConfigurationName = Release;
		};
/* End XCConfigurationList section */
	};
	rootObject = 2B93E2CB283BFE34002B326B /* Project object */;
}
