{
  "pins" : [
    {
      "identity" : "charts",
      "kind" : "remoteSourceControl",
      "location" : "https://github.com/danielgindi/Charts",
      "state" : {
        "revision" : "66546404a6739173b8e436ab6bc1f2897cd08594",
        "version" : "3.6.0"
      }
    },
    {
      "identity" : "kingfisher",
      "kind" : "remoteSourceControl",
      "location" : "https://github.com/onevcat/Kingfisher",
      "state" : {
        "revision" : "59eb199fdb8dd47733624e8b0277822d0232579e",
        "version" : "7.2.2"
      }
    }
  ],
  "version" : 2
}
